{
  "name": "casper",
  "version": "1.0.0",
  "lockfileVersion": 3,
  "requires": true,
  "packages": {
    "": {
      "name": "casper",
      "version": "1.0.0",
      "license": "ISC",
      "dependencies": {
        "casper-rust-wasm-sdk": "file:../../../pkg-nodejs"
      },
      "devDependencies": {
        "@types/node": "^20.5.9",
        "typescript": "^5.2.2"
      }
    },
    "../../../pkg-nodejs": {
      "name": "casper-rust-wasm-sdk",
      "version": "0.1.0",
      "license": "Apache-2.0"
    },
    "node_modules/@types/node": {
      "version": "20.5.9",
      "dev": true,
      "license": "MIT"
    },
    "node_modules/casper-rust-wasm-sdk": {
      "resolved": "../../../pkg-nodejs",
      "link": true
    },
    "node_modules/typescript": {
      "version": "5.2.2",
      "dev": true,
      "license": "Apache-2.0",
      "bin": {
        "tsc": "bin/tsc",
        "tsserver": "bin/tsserver"
      },
      "engines": {
        "node": ">=14.17"
      }
    }
  }
}
